Microsoft Visual Studio Solution File, Format Version 11.00
# Visual Studio 2010
Project("{FAE04EC0-301F-11D3-BF4B-00C04F79EFBC}") = "Log", "Kesco.Lib.Log.csproj", "{FC924B22-160A-4F7F-98EB-63E420DE694E}"
EndProject
Global
	GlobalSection(SolutionConfigurationPlatforms) = preSolution
		Debug|Any CPU = Debug|Any CPU
		Release|Any CPU = Release|Any CPU
	EndGlobalSection
	GlobalSection(ProjectConfigurationPlatforms) = postSolution
		{FC924B22-160A-4F7F-98EB-63E420DE694E}.Debug|Any CPU.ActiveCfg = Debug|Any CPU
		{FC924B22-160A-4F7F-98EB-63E420DE694E}.Debug|Any CPU.Build.0 = Debug|Any CPU
		{FC924B22-160A-4F7F-98EB-63E420DE694E}.Release|Any CPU.ActiveCfg = Release|Any CPU
		{FC924B22-160A-4F7F-98EB-63E420DE694E}.Release|Any CPU.Build.0 = Release|Any CPU
	EndGlobalSection
	GlobalSection(SolutionProperties) = preSolution
		HideSolutionNode = FALSE
	EndGlobalSection
EndGlobal
